{
  "version": 4,
  "terraform_version": "1.13.4",
  "serial": 2,
  "lineage": "cdbfc85c-9a65-7cc0-5fb1-0ef091b385da",
  "outputs": {},
  "resources": [
    {
      "module": "module.redshift",
      "mode": "managed",
      "type": "aws_redshiftserverless_workgroup",
      "name": "this",
      "provider": "provider[\"registry.terraform.io/hashicorp/aws\"]",
      "instances": [
        {
          "schema_version": 0,
          "attributes": {
            "arn": "arn:aws:redshift-serverless:ap-south-1:337693406343:workgroup/6a3a7add-4d28-4ceb-b409-dd673dfb402a",
            "base_capacity": 128,
            "config_parameter": [
              {
                "parameter_key": "auto_mv",
                "parameter_value": "true"
              },
              {
                "parameter_key": "datestyle",
                "parameter_value": "ISO, MDY"
              },
              {
                "parameter_key": "enable_case_sensitive_identifier",
                "parameter_value": "false"
              },
              {
                "parameter_key": "enable_user_activity_logging",
                "parameter_value": "true"
              },
              {
                "parameter_key": "max_query_execution_time",
                "parameter_value": "14400"
              },
              {
                "parameter_key": "query_group",
                "parameter_value": "default"
              },
              {
                "parameter_key": "require_ssl",
                "parameter_value": "true"
              },
              {
                "parameter_key": "search_path",
                "parameter_value": "$user, public"
              },
              {
                "parameter_key": "use_fips_ssl",
                "parameter_value": "false"
              }
            ],
            "endpoint": [
              {
                "address": "redshift-serverless.337693406343.ap-south-1.redshift-serverless.amazonaws.com",
                "port": 5439,
                "vpc_endpoint": [
                  {
                    "network_interface": [
                      {
                        "availability_zone": "ap-south-1b",
                        "network_interface_id": "eni-01e8c098cdffba9e3",
                        "private_ip_address": "10.89.198.44",
                        "subnet_id": "subnet-09e1e70bca7be1488"
                      },
                      {
                        "availability_zone": "ap-south-1a",
                        "network_interface_id": "eni-05b958d202ef58274",
                        "private_ip_address": "10.89.198.9",
                        "subnet_id": "subnet-01713a7af70f16cb1"
                      }
                    ],
                    "vpc_endpoint_id": "vpce-0e2cf306c505b4af1",
                    "vpc_id": "vpc-093097be1852bd3dd"
                  }
                ]
              }
            ],
            "enhanced_vpc_routing": false,
            "id": "redshift-serverless",
            "max_capacity": 0,
            "namespace_name": "taxdatalake-nonprod",
            "port": 5439,
            "price_performance_target": [
              {
                "enabled": false,
                "level": 0
              }
            ],
            "publicly_accessible": false,
            "region": "ap-south-1",
            "security_group_ids": [
              "sg-010d6aa96b9ac94c3"
            ],
            "subnet_ids": [
              "subnet-01713a7af70f16cb1",
              "subnet-09e1e70bca7be1488"
            ],
            "tags": {},
            "tags_all": {},
            "timeouts": null,
            "track_name": "current",
            "workgroup_id": "6a3a7add-4d28-4ceb-b409-dd673dfb402a",
            "workgroup_name": "redshift-serverless"
          },
          "sensitive_attributes": [],
          "identity_schema_version": 0,
          "private": "eyJlMmJmYjczMC1lY2FhLTExZTYtOGY4OC0zNDM2M2JjN2M0YzAiOnsiY3JlYXRlIjoxMjAwMDAwMDAwMDAwLCJkZWxldGUiOjEyMDAwMDAwMDAwMDAsInVwZGF0ZSI6MTIwMDAwMDAwMDAwMH0sInNjaGVtYV92ZXJzaW9uIjoiMCJ9"
        }
      ]
    }
  ],
  "check_results": null
}
